// !$*UTF8*$!
{
	archiveVersion = 1;
	classes = {
	};
	objectVersion = 46;
	objects = {

/* Begin PBXBuildFile section */
		320334381A0EB854000FFAEF /* IRGMejoresTiempos.m in Sources */ = {isa = PBXBuildFile; fileRef = 320334371A0EB854000FFAEF /* IRGMejoresTiempos.m */; };
		3203343E1A0EB9A1000FFAEF /* IRGDatoDelMejorTiempo.m in Sources */ = {isa = PBXBuildFile; fileRef = 3203343D1A0EB9A1000FFAEF /* IRGDatoDelMejorTiempo.m */; };
		320334411A0EBDF3000FFAEF /* IRGPrincipalNavigationViewController.m in Sources */ = {isa = PBXBuildFile; fileRef = 320334401A0EBDF3000FFAEF /* IRGPrincipalNavigationViewController.m */; };
		320334451A0EC9A7000FFAEF /* IRGMejoresTiemposViewController.m in Sources */ = {isa = PBXBuildFile; fileRef = 320334431A0EC9A7000FFAEF /* IRGMejoresTiemposViewController.m */; };
		320334461A0EC9A7000FFAEF /* IRGMejoresTiemposViewController.xib in Resources */ = {isa = PBXBuildFile; fileRef = 320334441A0EC9A7000FFAEF /* IRGMejoresTiemposViewController.xib */; };
		320334491A0F20A4000FFAEF /* IRGMetodosComunes.m in Sources */ = {isa = PBXBuildFile; fileRef = 320334481A0F20A4000FFAEF /* IRGMetodosComunes.m */; };
		32A1DB121A0FAFAB00AA33CE /* IRGPreguntarNombreViewController.m in Sources */ = {isa = PBXBuildFile; fileRef = 32A1DB101A0FAFAB00AA33CE /* IRGPreguntarNombreViewController.m */; };
		32A1DB131A0FAFAB00AA33CE /* IRGPreguntarNombreViewController.xib in Resources */ = {isa = PBXBuildFile; fileRef = 32A1DB111A0FAFAB00AA33CE /* IRGPreguntarNombreViewController.xib */; };
		E12E5D3A1A10F36E0047FCCF /* IRGEstadoDelJuegoEnJuego.m in Sources */ = {isa = PBXBuildFile; fileRef = E12E5D391A10F36E0047FCCF /* IRGEstadoDelJuegoEnJuego.m */; };
		E12E5D3D1A10FD090047FCCF /* IRGEstadoDelJuegoInicio.m in Sources */ = {isa = PBXBuildFile; fileRef = E12E5D3C1A10FD090047FCCF /* IRGEstadoDelJuegoInicio.m */; };
		E12E5D411A1113FD0047FCCF /* IRGGestorDeEstados.m in Sources */ = {isa = PBXBuildFile; fileRef = E12E5D401A1113FD0047FCCF /* IRGGestorDeEstados.m */; };
		E1A9A5CC1A13CB9B0020AE98 /* IRGNUmeroSieteSegmentosViewController.m in Sources */ = {isa = PBXBuildFile; fileRef = E1A9A5CB1A13CB9B0020AE98 /* IRGNUmeroSieteSegmentosViewController.m */; };
		E1A9A5CF1A13CC100020AE98 /* IRGSieteSegmentos.m in Sources */ = {isa = PBXBuildFile; fileRef = E1A9A5CE1A13CC100020AE98 /* IRGSieteSegmentos.m */; };
		E1C5435B1A1201E000D5B23A /* IRGEstadoDelJuegoFinalizadoSinErrorSinAyuda.m in Sources */ = {isa = PBXBuildFile; fileRef = E1C5435A1A1201E000D5B23A /* IRGEstadoDelJuegoFinalizadoSinErrorSinAyuda.m */; };
		E1C5435E1A12030C00D5B23A /* IRGEstadoDelJuegoFinalizadoSinErrorConAyuda.m in Sources */ = {isa = PBXBuildFile; fileRef = E1C5435D1A12030C00D5B23A /* IRGEstadoDelJuegoFinalizadoSinErrorConAyuda.m */; };
		E1C543611A12043100D5B23A /* IRGEstadoDelJuegoFinalizadoConError.m in Sources */ = {isa = PBXBuildFile; fileRef = E1C543601A12043100D5B23A /* IRGEstadoDelJuegoFinalizadoConError.m */; };
		E1CB22A51A12695E00D9EF6F /* IRGEstadoDelJuegoEnPausa.m in Sources */ = {isa = PBXBuildFile; fileRef = E1CB22A41A12695E00D9EF6F /* IRGEstadoDelJuegoEnPausa.m */; };
		E1CB22A81A126BAC00D9EF6F /* IRGGestionarBotonera.m in Sources */ = {isa = PBXBuildFile; fileRef = E1CB22A71A126BAC00D9EF6F /* IRGGestionarBotonera.m */; };
		E1CD31861A0BCB8900D317A8 /* main.m in Sources */ = {isa = PBXBuildFile; fileRef = E1CD31851A0BCB8900D317A8 /* main.m */; };
		E1CD31891A0BCB8900D317A8 /* AppDelegate.m in Sources */ = {isa = PBXBuildFile; fileRef = E1CD31881A0BCB8900D317A8 /* AppDelegate.m */; };
		E1CD318B1A0BCB8900D317A8 /* Images.xcassets in Resources */ = {isa = PBXBuildFile; fileRef = E1CD318A1A0BCB8900D317A8 /* Images.xcassets */; };
		E1CD318E1A0BCB8900D317A8 /* LaunchScreen.xib in Resources */ = {isa = PBXBuildFile; fileRef = E1CD318C1A0BCB8900D317A8 /* LaunchScreen.xib */; };
		E1CD319A1A0BCB8900D317A8 /* IRGBuscaminasTests.m in Sources */ = {isa = PBXBuildFile; fileRef = E1CD31991A0BCB8900D317A8 /* IRGBuscaminasTests.m */; };
		E1CD31A61A0BCBF800D317A8 /* IRGVentanaPrincipalViewController.m in Sources */ = {isa = PBXBuildFile; fileRef = E1CD31A41A0BCBF800D317A8 /* IRGVentanaPrincipalViewController.m */; };
		E1CD31A71A0BCBF800D317A8 /* IRGVentanaPrincipalViewController.xib in Resources */ = {isa = PBXBuildFile; fileRef = E1CD31A51A0BCBF800D317A8 /* IRGVentanaPrincipalViewController.xib */; };
		E1CD31AD1A0BCCF900D317A8 /* IRGCelda.m in Sources */ = {isa = PBXBuildFile; fileRef = E1CD31AC1A0BCCF900D317A8 /* IRGCelda.m */; };
		E1D41DC51A0BEF6B0059C46C /* IRGCeldaViewController.m in Sources */ = {isa = PBXBuildFile; fileRef = E1D41DC41A0BEF6B0059C46C /* IRGCeldaViewController.m */; };
		E1D41DCA1A0BF0050059C46C /* IRGLienzo.m in Sources */ = {isa = PBXBuildFile; fileRef = E1D41DC71A0BF0050059C46C /* IRGLienzo.m */; };
		E1D41DCB1A0BF0050059C46C /* IRGPincel.m in Sources */ = {isa = PBXBuildFile; fileRef = E1D41DC91A0BF0050059C46C /* IRGPincel.m */; };
		E1D41DCE1A0BFEC30059C46C /* IRGDatos.m in Sources */ = {isa = PBXBuildFile; fileRef = E1D41DCD1A0BFEC30059C46C /* IRGDatos.m */; };
		E1FE2CE71A112C1D004333F9 /* IRGEstadoDelJuegoAyuda.m in Sources */ = {isa = PBXBuildFile; fileRef = E1FE2CE61A112C1D004333F9 /* IRGEstadoDelJuegoAyuda.m */; };
		E1FE2CEA1A114242004333F9 /* IRGEstadoDelJuegoEnJuegoConAyuda.m in Sources */ = {isa = PBXBuildFile; fileRef = E1FE2CE91A114242004333F9 /* IRGEstadoDelJuegoEnJuegoConAyuda.m */; };
/* End PBXBuildFile section */

/* Begin PBXContainerItemProxy section */
		E1CD31941A0BCB8900D317A8 /* PBXContainerItemProxy */ = {
			isa = PBXContainerItemProxy;
			containerPortal = E1CD31781A0BCB8900D317A8 /* Project object */;
			proxyType = 1;
			remoteGlobalIDString = E1CD317F1A0BCB8900D317A8;
			remoteInfo = IRGBuscaminas;
		};
/* End PBXContainerItemProxy section */

/* Begin PBXFileReference section */
		320334361A0EB854000FFAEF /* IRGMejoresTiempos.h */ = {isa = PBXFileReference; fileEncoding = 4; lastKnownFileType = sourcecode.c.h; path = IRGMejoresTiempos.h; sourceTree = "<group>"; };
		320334371A0EB854000FFAEF /* IRGMejoresTiempos.m */ = {isa = PBXFileReference; fileEncoding = 4; lastKnownFileType = sourcecode.c.objc; path = IRGMejoresTiempos.m; sourceTree = "<group>"; };
		3203343C1A0EB9A1000FFAEF /* IRGDatoDelMejorTiempo.h */ = {isa = PBXFileReference; fileEncoding = 4; lastKnownFileType = sourcecode.c.h; path = IRGDatoDelMejorTiempo.h; sourceTree = "<group>"; };
		3203343D1A0EB9A1000FFAEF /* IRGDatoDelMejorTiempo.m */ = {isa = PBXFileReference; fileEncoding = 4; lastKnownFileType = sourcecode.c.objc; path = IRGDatoDelMejorTiempo.m; sourceTree = "<group>"; };
		3203343F1A0EBDF3000FFAEF /* IRGPrincipalNavigationViewController.h */ = {isa = PBXFileReference; fileEncoding = 4; lastKnownFileType = sourcecode.c.h; path = IRGPrincipalNavigationViewController.h; sourceTree = "<group>"; };
		320334401A0EBDF3000FFAEF /* IRGPrincipalNavigationViewController.m */ = {isa = PBXFileReference; fileEncoding = 4; lastKnownFileType = sourcecode.c.objc; path = IRGPrincipalNavigationViewController.m; sourceTree = "<group>"; };
		320334421A0EC9A7000FFAEF /* IRGMejoresTiemposViewController.h */ = {isa = PBXFileReference; fileEncoding = 4; lastKnownFileType = sourcecode.c.h; path = IRGMejoresTiemposViewController.h; sourceTree = "<group>"; };
		320334431A0EC9A7000FFAEF /* IRGMejoresTiemposViewController.m */ = {isa = PBXFileReference; fileEncoding = 4; lastKnownFileType = sourcecode.c.objc; path = IRGMejoresTiemposViewController.m; sourceTree = "<group>"; };
		320334441A0EC9A7000FFAEF /* IRGMejoresTiemposViewController.xib */ = {isa = PBXFileReference; fileEncoding = 4; lastKnownFileType = file.xib; path = IRGMejoresTiemposViewController.xib; sourceTree = "<group>"; };
		320334471A0F20A4000FFAEF /* IRGMetodosComunes.h */ = {isa = PBXFileReference; fileEncoding = 4; lastKnownFileType = sourcecode.c.h; path = IRGMetodosComunes.h; sourceTree = "<group>"; };
		320334481A0F20A4000FFAEF /* IRGMetodosComunes.m */ = {isa = PBXFileReference; fileEncoding = 4; lastKnownFileType = sourcecode.c.objc; path = IRGMetodosComunes.m; sourceTree = "<group>"; };
		32A1DB0F1A0FAFAB00AA33CE /* IRGPreguntarNombreViewController.h */ = {isa = PBXFileReference; fileEncoding = 4; lastKnownFileType = sourcecode.c.h; path = IRGPreguntarNombreViewController.h; sourceTree = "<group>"; };
		32A1DB101A0FAFAB00AA33CE /* IRGPreguntarNombreViewController.m */ = {isa = PBXFileReference; fileEncoding = 4; lastKnownFileType = sourcecode.c.objc; path = IRGPreguntarNombreViewController.m; sourceTree = "<group>"; };
		32A1DB111A0FAFAB00AA33CE /* IRGPreguntarNombreViewController.xib */ = {isa = PBXFileReference; fileEncoding = 4; lastKnownFileType = file.xib; path = IRGPreguntarNombreViewController.xib; sourceTree = "<group>"; };
		E12E5D351A10F0010047FCCF /* IRGEstadosDelJuego.h */ = {isa = PBXFileReference; fileEncoding = 4; lastKnownFileType = sourcecode.c.h; path = IRGEstadosDelJuego.h; sourceTree = "<group>"; };
		E12E5D381A10F36E0047FCCF /* IRGEstadoDelJuegoEnJuego.h */ = {isa = PBXFileReference; fileEncoding = 4; lastKnownFileType = sourcecode.c.h; path = IRGEstadoDelJuegoEnJuego.h; sourceTree = "<group>"; };
		E12E5D391A10F36E0047FCCF /* IRGEstadoDelJuegoEnJuego.m */ = {isa = PBXFileReference; fileEncoding = 4; lastKnownFileType = sourcecode.c.objc; path = IRGEstadoDelJuegoEnJuego.m; sourceTree = "<group>"; };
		E12E5D3B1A10FD090047FCCF /* IRGEstadoDelJuegoInicio.h */ = {isa = PBXFileReference; fileEncoding = 4; lastKnownFileType = sourcecode.c.h; path = IRGEstadoDelJuegoInicio.h; sourceTree = "<group>"; };
		E12E5D3C1A10FD090047FCCF /* IRGEstadoDelJuegoInicio.m */ = {isa = PBXFileReference; fileEncoding = 4; lastKnownFileType = sourcecode.c.objc; path = IRGEstadoDelJuegoInicio.m; sourceTree = "<group>"; };
		E12E5D3F1A1113FD0047FCCF /* IRGGestorDeEstados.h */ = {isa = PBXFileReference; fileEncoding = 4; lastKnownFileType = sourcecode.c.h; path = IRGGestorDeEstados.h; sourceTree = "<group>"; };
		E12E5D401A1113FD0047FCCF /* IRGGestorDeEstados.m */ = {isa = PBXFileReference; fileEncoding = 4; lastKnownFileType = sourcecode.c.objc; path = IRGGestorDeEstados.m; sourceTree = "<group>"; };
		E1A9A5CA1A13CB9B0020AE98 /* IRGNUmeroSieteSegmentosViewController.h */ = {isa = PBXFileReference; fileEncoding = 4; lastKnownFileType = sourcecode.c.h; path = IRGNUmeroSieteSegmentosViewController.h; sourceTree = "<group>"; };
		E1A9A5CB1A13CB9B0020AE98 /* IRGNUmeroSieteSegmentosViewController.m */ = {isa = PBXFileReference; fileEncoding = 4; lastKnownFileType = sourcecode.c.objc; path = IRGNUmeroSieteSegmentosViewController.m; sourceTree = "<group>"; };
		E1A9A5CD1A13CC100020AE98 /* IRGSieteSegmentos.h */ = {isa = PBXFileReference; fileEncoding = 4; lastKnownFileType = sourcecode.c.h; path = IRGSieteSegmentos.h; sourceTree = "<group>"; };
		E1A9A5CE1A13CC100020AE98 /* IRGSieteSegmentos.m */ = {isa = PBXFileReference; fileEncoding = 4; lastKnownFileType = sourcecode.c.objc; path = IRGSieteSegmentos.m; sourceTree = "<group>"; };
		E1C543591A1201E000D5B23A /* IRGEstadoDelJuegoFinalizadoSinErrorSinAyuda.h */ = {isa = PBXFileReference; fileEncoding = 4; lastKnownFileType = sourcecode.c.h; path = IRGEstadoDelJuegoFinalizadoSinErrorSinAyuda.h; sourceTree = "<group>"; };
		E1C5435A1A1201E000D5B23A /* IRGEstadoDelJuegoFinalizadoSinErrorSinAyuda.m */ = {isa = PBXFileReference; fileEncoding = 4; lastKnownFileType = sourcecode.c.objc; path = IRGEstadoDelJuegoFinalizadoSinErrorSinAyuda.m; sourceTree = "<group>"; };
		E1C5435C1A12030C00D5B23A /* IRGEstadoDelJuegoFinalizadoSinErrorConAyuda.h */ = {isa = PBXFileReference; fileEncoding = 4; lastKnownFileType = sourcecode.c.h; path = IRGEstadoDelJuegoFinalizadoSinErrorConAyuda.h; sourceTree = "<group>"; };
		E1C5435D1A12030C00D5B23A /* IRGEstadoDelJuegoFinalizadoSinErrorConAyuda.m */ = {isa = PBXFileReference; fileEncoding = 4; lastKnownFileType = sourcecode.c.objc; path = IRGEstadoDelJuegoFinalizadoSinErrorConAyuda.m; sourceTree = "<group>"; };
		E1C5435F1A12043100D5B23A /* IRGEstadoDelJuegoFinalizadoConError.h */ = {isa = PBXFileReference; fileEncoding = 4; lastKnownFileType = sourcecode.c.h; path = IRGEstadoDelJuegoFinalizadoConError.h; sourceTree = "<group>"; };
		E1C543601A12043100D5B23A /* IRGEstadoDelJuegoFinalizadoConError.m */ = {isa = PBXFileReference; fileEncoding = 4; lastKnownFileType = sourcecode.c.objc; path = IRGEstadoDelJuegoFinalizadoConError.m; sourceTree = "<group>"; };
		E1CB22A31A12695E00D9EF6F /* IRGEstadoDelJuegoEnPausa.h */ = {isa = PBXFileReference; fileEncoding = 4; lastKnownFileType = sourcecode.c.h; path = IRGEstadoDelJuegoEnPausa.h; sourceTree = "<group>"; };
		E1CB22A41A12695E00D9EF6F /* IRGEstadoDelJuegoEnPausa.m */ = {isa = PBXFileReference; fileEncoding = 4; lastKnownFileType = sourcecode.c.objc; path = IRGEstadoDelJuegoEnPausa.m; sourceTree = "<group>"; };
		E1CB22A61A126BAC00D9EF6F /* IRGGestionarBotonera.h */ = {isa = PBXFileReference; fileEncoding = 4; lastKnownFileType = sourcecode.c.h; path = IRGGestionarBotonera.h; sourceTree = "<group>"; };
		E1CB22A71A126BAC00D9EF6F /* IRGGestionarBotonera.m */ = {isa = PBXFileReference; fileEncoding = 4; lastKnownFileType = sourcecode.c.objc; path = IRGGestionarBotonera.m; sourceTree = "<group>"; };
		E1CD31801A0BCB8900D317A8 /* IRGBuscaminas.app */ = {isa = PBXFileReference; explicitFileType = wrapper.application; includeInIndex = 0; path = IRGBuscaminas.app; sourceTree = BUILT_PRODUCTS_DIR; };
		E1CD31841A0BCB8900D317A8 /* Info.plist */ = {isa = PBXFileReference; lastKnownFileType = text.plist.xml; path = Info.plist; sourceTree = "<group>"; };
		E1CD31851A0BCB8900D317A8 /* main.m */ = {isa = PBXFileReference; lastKnownFileType = sourcecode.c.objc; path = main.m; sourceTree = "<group>"; };
		E1CD31871A0BCB8900D317A8 /* AppDelegate.h */ = {isa = PBXFileReference; lastKnownFileType = sourcecode.c.h; path = AppDelegate.h; sourceTree = "<group>"; };
		E1CD31881A0BCB8900D317A8 /* AppDelegate.m */ = {isa = PBXFileReference; lastKnownFileType = sourcecode.c.objc; path = AppDelegate.m; sourceTree = "<group>"; };
		E1CD318A1A0BCB8900D317A8 /* Images.xcassets */ = {isa = PBXFileReference; lastKnownFileType = folder.assetcatalog; path = Images.xcassets; sourceTree = "<group>"; };
		E1CD318D1A0BCB8900D317A8 /* Base */ = {isa = PBXFileReference; lastKnownFileType = file.xib; name = Base; path = Base.lproj/LaunchScreen.xib; sourceTree = "<group>"; };
		E1CD31931A0BCB8900D317A8 /* IRGBuscaminasTests.xctest */ = {isa = PBXFileReference; explicitFileType = wrapper.cfbundle; includeInIndex = 0; path = IRGBuscaminasTests.xctest; sourceTree = BUILT_PRODUCTS_DIR; };
		E1CD31981A0BCB8900D317A8 /* Info.plist */ = {isa = PBXFileReference; lastKnownFileType = text.plist.xml; path = Info.plist; sourceTree = "<group>"; };
		E1CD31991A0BCB8900D317A8 /* IRGBuscaminasTests.m */ = {isa = PBXFileReference; lastKnownFileType = sourcecode.c.objc; path = IRGBuscaminasTests.m; sourceTree = "<group>"; };
		E1CD31A31A0BCBF800D317A8 /* IRGVentanaPrincipalViewController.h */ = {isa = PBXFileReference; fileEncoding = 4; lastKnownFileType = sourcecode.c.h; path = IRGVentanaPrincipalViewController.h; sourceTree = "<group>"; };
		E1CD31A41A0BCBF800D317A8 /* IRGVentanaPrincipalViewController.m */ = {isa = PBXFileReference; fileEncoding = 4; lastKnownFileType = sourcecode.c.objc; path = IRGVentanaPrincipalViewController.m; sourceTree = "<group>"; };
		E1CD31A51A0BCBF800D317A8 /* IRGVentanaPrincipalViewController.xib */ = {isa = PBXFileReference; fileEncoding = 4; lastKnownFileType = file.xib; path = IRGVentanaPrincipalViewController.xib; sourceTree = "<group>"; };
		E1CD31AB1A0BCCF900D317A8 /* IRGCelda.h */ = {isa = PBXFileReference; fileEncoding = 4; lastKnownFileType = sourcecode.c.h; path = IRGCelda.h; sourceTree = "<group>"; };
		E1CD31AC1A0BCCF900D317A8 /* IRGCelda.m */ = {isa = PBXFileReference; fileEncoding = 4; lastKnownFileType = sourcecode.c.objc; path = IRGCelda.m; sourceTree = "<group>"; };
		E1D41DC31A0BEF6B0059C46C /* IRGCeldaViewController.h */ = {isa = PBXFileReference; fileEncoding = 4; lastKnownFileType = sourcecode.c.h; path = IRGCeldaViewController.h; sourceTree = "<group>"; };
		E1D41DC41A0BEF6B0059C46C /* IRGCeldaViewController.m */ = {isa = PBXFileReference; fileEncoding = 4; lastKnownFileType = sourcecode.c.objc; path = IRGCeldaViewController.m; sourceTree = "<group>"; };
		E1D41DC61A0BF0050059C46C /* IRGLienzo.h */ = {isa = PBXFileReference; fileEncoding = 4; lastKnownFileType = sourcecode.c.h; path = IRGLienzo.h; sourceTree = "<group>"; };
		E1D41DC71A0BF0050059C46C /* IRGLienzo.m */ = {isa = PBXFileReference; fileEncoding = 4; lastKnownFileType = sourcecode.c.objc; path = IRGLienzo.m; sourceTree = "<group>"; };
		E1D41DC81A0BF0050059C46C /* IRGPincel.h */ = {isa = PBXFileReference; fileEncoding = 4; lastKnownFileType = sourcecode.c.h; path = IRGPincel.h; sourceTree = "<group>"; };
		E1D41DC91A0BF0050059C46C /* IRGPincel.m */ = {isa = PBXFileReference; fileEncoding = 4; lastKnownFileType = sourcecode.c.objc; path = IRGPincel.m; sourceTree = "<group>"; };
		E1D41DCC1A0BFEC30059C46C /* IRGDatos.h */ = {isa = PBXFileReference; fileEncoding = 4; lastKnownFileType = sourcecode.c.h; path = IRGDatos.h; sourceTree = "<group>"; };
		E1D41DCD1A0BFEC30059C46C /* IRGDatos.m */ = {isa = PBXFileReference; fileEncoding = 4; lastKnownFileType = sourcecode.c.objc; path = IRGDatos.m; sourceTree = "<group>"; };
		E1FE2CE51A112C1D004333F9 /* IRGEstadoDelJuegoAyuda.h */ = {isa = PBXFileReference; fileEncoding = 4; lastKnownFileType = sourcecode.c.h; path = IRGEstadoDelJuegoAyuda.h; sourceTree = "<group>"; };
		E1FE2CE61A112C1D004333F9 /* IRGEstadoDelJuegoAyuda.m */ = {isa = PBXFileReference; fileEncoding = 4; lastKnownFileType = sourcecode.c.objc; path = IRGEstadoDelJuegoAyuda.m; sourceTree = "<group>"; };
		E1FE2CE81A114242004333F9 /* IRGEstadoDelJuegoEnJuegoConAyuda.h */ = {isa = PBXFileReference; fileEncoding = 4; lastKnownFileType = sourcecode.c.h; path = IRGEstadoDelJuegoEnJuegoConAyuda.h; sourceTree = "<group>"; };
		E1FE2CE91A114242004333F9 /* IRGEstadoDelJuegoEnJuegoConAyuda.m */ = {isa = PBXFileReference; fileEncoding = 4; lastKnownFileType = sourcecode.c.objc; path = IRGEstadoDelJuegoEnJuegoConAyuda.m; sourceTree = "<group>"; };
/* End PBXFileReference section */

/* Begin PBXFrameworksBuildPhase section */
		E1CD317D1A0BCB8900D317A8 /* Frameworks */ = {
			isa = PBXFrameworksBuildPhase;
			buildActionMask = 2147483647;
			files = (
			);
			runOnlyForDeploymentPostprocessing = 0;
		};
		E1CD31901A0BCB8900D317A8 /* Frameworks */ = {
			isa = PBXFrameworksBuildPhase;
			buildActionMask = 2147483647;
			files = (
			);
			runOnlyForDeploymentPostprocessing = 0;
		};
/* End PBXFrameworksBuildPhase section */

/* Begin PBXGroup section */
		3203344A1A0F20A9000FFAEF /* Comunes */ = {
			isa = PBXGroup;
			children = (
				320334471A0F20A4000FFAEF /* IRGMetodosComunes.h */,
				320334481A0F20A4000FFAEF /* IRGMetodosComunes.m */,
			);
			name = Comunes;
			sourceTree = "<group>";
		};
		E12E5D3E1A10FD0F0047FCCF /* Estados del juego */ = {
			isa = PBXGroup;
			children = (
				E1C543641A120D2800D5B23A /* Protocol */,
				E1C543621A120CAA00D5B23A /* Header */,
				E1C543631A120CB300D5B23A /* Implementation */,
			);
			name = "Estados del juego";
			sourceTree = "<group>";
		};
		E1C543621A120CAA00D5B23A /* Header */ = {
			isa = PBXGroup;
			children = (
				E12E5D3F1A1113FD0047FCCF /* IRGGestorDeEstados.h */,
				E12E5D3B1A10FD090047FCCF /* IRGEstadoDelJuegoInicio.h */,
				E12E5D381A10F36E0047FCCF /* IRGEstadoDelJuegoEnJuego.h */,
				E1CB22A31A12695E00D9EF6F /* IRGEstadoDelJuegoEnPausa.h */,
				E1FE2CE51A112C1D004333F9 /* IRGEstadoDelJuegoAyuda.h */,
				E1FE2CE81A114242004333F9 /* IRGEstadoDelJuegoEnJuegoConAyuda.h */,
				E1C543591A1201E000D5B23A /* IRGEstadoDelJuegoFinalizadoSinErrorSinAyuda.h */,
				E1C5435C1A12030C00D5B23A /* IRGEstadoDelJuegoFinalizadoSinErrorConAyuda.h */,
				E1C5435F1A12043100D5B23A /* IRGEstadoDelJuegoFinalizadoConError.h */,
			);
			name = Header;
			sourceTree = "<group>";
		};
		E1C543631A120CB300D5B23A /* Implementation */ = {
			isa = PBXGroup;
			children = (
				E12E5D401A1113FD0047FCCF /* IRGGestorDeEstados.m */,
				E12E5D3C1A10FD090047FCCF /* IRGEstadoDelJuegoInicio.m */,
				E12E5D391A10F36E0047FCCF /* IRGEstadoDelJuegoEnJuego.m */,
				E1CB22A41A12695E00D9EF6F /* IRGEstadoDelJuegoEnPausa.m */,
				E1FE2CE61A112C1D004333F9 /* IRGEstadoDelJuegoAyuda.m */,
				E1FE2CE91A114242004333F9 /* IRGEstadoDelJuegoEnJuegoConAyuda.m */,
				E1C5435A1A1201E000D5B23A /* IRGEstadoDelJuegoFinalizadoSinErrorSinAyuda.m */,
				E1C5435D1A12030C00D5B23A /* IRGEstadoDelJuegoFinalizadoSinErrorConAyuda.m */,
				E1C543601A12043100D5B23A /* IRGEstadoDelJuegoFinalizadoConError.m */,
			);
			name = Implementation;
			sourceTree = "<group>";
		};
		E1C543641A120D2800D5B23A /* Protocol */ = {
			isa = PBXGroup;
			children = (
				E12E5D351A10F0010047FCCF /* IRGEstadosDelJuego.h */,
			);
			name = Protocol;
			sourceTree = "<group>";
		};
		E1CD31771A0BCB8900D317A8 = {
			isa = PBXGroup;
			children = (
				E1CD31821A0BCB8900D317A8 /* IRGBuscaminas */,
				E1CD31961A0BCB8900D317A8 /* IRGBuscaminasTests */,
				E1CD31811A0BCB8900D317A8 /* Products */,
			);
			sourceTree = "<group>";
		};
		E1CD31811A0BCB8900D317A8 /* Products */ = {
			isa = PBXGroup;
			children = (
				E1CD31801A0BCB8900D317A8 /* IRGBuscaminas.app */,
				E1CD31931A0BCB8900D317A8 /* IRGBuscaminasTests.xctest */,
			);
			name = Products;
			sourceTree = "<group>";
		};
		E1CD31821A0BCB8900D317A8 /* IRGBuscaminas */ = {
			isa = PBXGroup;
			children = (
				3203344A1A0F20A9000FFAEF /* Comunes */,
				E1CD31A91A0BCC1300D317A8 /* Controlador */,
				E1CD31A81A0BCC0600D317A8 /* Vista */,
				E1CD31AA1A0BCC1D00D317A8 /* Modelo */,
				E1CD318A1A0BCB8900D317A8 /* Images.xcassets */,
				E1CD318C1A0BCB8900D317A8 /* LaunchScreen.xib */,
			);
			path = IRGBuscaminas;
			sourceTree = "<group>";
		};
		E1CD31831A0BCB8900D317A8 /* Supporting Files */ = {
			isa = PBXGroup;
			children = (
				E1CD31841A0BCB8900D317A8 /* Info.plist */,
				E1CD31851A0BCB8900D317A8 /* main.m */,
			);
			name = "Supporting Files";
			sourceTree = "<group>";
		};
		E1CD31961A0BCB8900D317A8 /* IRGBuscaminasTests */ = {
			isa = PBXGroup;
			children = (
				E1CD31991A0BCB8900D317A8 /* IRGBuscaminasTests.m */,
				E1CD31971A0BCB8900D317A8 /* Supporting Files */,
			);
			path = IRGBuscaminasTests;
			sourceTree = "<group>";
		};
		E1CD31971A0BCB8900D317A8 /* Supporting Files */ = {
			isa = PBXGroup;
			children = (
				E1CD31981A0BCB8900D317A8 /* Info.plist */,
			);
			name = "Supporting Files";
			sourceTree = "<group>";
		};
		E1CD31A81A0BCC0600D317A8 /* Vista */ = {
			isa = PBXGroup;
			children = (
				E1A9A5CD1A13CC100020AE98 /* IRGSieteSegmentos.h */,
				E1A9A5CE1A13CC100020AE98 /* IRGSieteSegmentos.m */,
				E1CD31AB1A0BCCF900D317A8 /* IRGCelda.h */,
				E1CD31AC1A0BCCF900D317A8 /* IRGCelda.m */,
				320334441A0EC9A7000FFAEF /* IRGMejoresTiemposViewController.xib */,
				E1CD31A51A0BCBF800D317A8 /* IRGVentanaPrincipalViewController.xib */,
				32A1DB111A0FAFAB00AA33CE /* IRGPreguntarNombreViewController.xib */,
			);
			name = Vista;
			sourceTree = "<group>";
		};
		E1CD31A91A0BCC1300D317A8 /* Controlador */ = {
			isa = PBXGroup;
			children = (
				E12E5D3E1A10FD0F0047FCCF /* Estados del juego */,
				E1CD31871A0BCB8900D317A8 /* AppDelegate.h */,
				E1CD31881A0BCB8900D317A8 /* AppDelegate.m */,
				E1A9A5CA1A13CB9B0020AE98 /* IRGNUmeroSieteSegmentosViewController.h */,
				E1A9A5CB1A13CB9B0020AE98 /* IRGNUmeroSieteSegmentosViewController.m */,
				E1CD31A31A0BCBF800D317A8 /* IRGVentanaPrincipalViewController.h */,
				E1CD31A41A0BCBF800D317A8 /* IRGVentanaPrincipalViewController.m */,
				E1CB22A61A126BAC00D9EF6F /* IRGGestionarBotonera.h */,
				E1CB22A71A126BAC00D9EF6F /* IRGGestionarBotonera.m */,
				32A1DB0F1A0FAFAB00AA33CE /* IRGPreguntarNombreViewController.h */,
				32A1DB101A0FAFAB00AA33CE /* IRGPreguntarNombreViewController.m */,
				E1D41DC31A0BEF6B0059C46C /* IRGCeldaViewController.h */,
				E1D41DC41A0BEF6B0059C46C /* IRGCeldaViewController.m */,
				3203343F1A0EBDF3000FFAEF /* IRGPrincipalNavigationViewController.h */,
				320334401A0EBDF3000FFAEF /* IRGPrincipalNavigationViewController.m */,
				320334421A0EC9A7000FFAEF /* IRGMejoresTiemposViewController.h */,
				320334431A0EC9A7000FFAEF /* IRGMejoresTiemposViewController.m */,
			);
			name = Controlador;
			sourceTree = "<group>";
		};
		E1CD31AA1A0BCC1D00D317A8 /* Modelo */ = {
			isa = PBXGroup;
			children = (
				E1D41DC61A0BF0050059C46C /* IRGLienzo.h */,
				E1D41DC71A0BF0050059C46C /* IRGLienzo.m */,
				E1D41DC81A0BF0050059C46C /* IRGPincel.h */,
				E1CD31831A0BCB8900D317A8 /* Supporting Files */,
				E1D41DC91A0BF0050059C46C /* IRGPincel.m */,
				E1D41DCC1A0BFEC30059C46C /* IRGDatos.h */,
				E1D41DCD1A0BFEC30059C46C /* IRGDatos.m */,
				320334361A0EB854000FFAEF /* IRGMejoresTiempos.h */,
				320334371A0EB854000FFAEF /* IRGMejoresTiempos.m */,
				3203343C1A0EB9A1000FFAEF /* IRGDatoDelMejorTiempo.h */,
				3203343D1A0EB9A1000FFAEF /* IRGDatoDelMejorTiempo.m */,
			);
			name = Modelo;
			sourceTree = "<group>";
		};
/* End PBXGroup section */

/* Begin PBXNativeTarget section */
		E1CD317F1A0BCB8900D317A8 /* IRGBuscaminas */ = {
			isa = PBXNativeTarget;
			buildConfigurationList = E1CD319D1A0BCB8900D317A8 /* Build configuration list for PBXNativeTarget "IRGBuscaminas" */;
			buildPhases = (
				E1CD317C1A0BCB8900D317A8 /* Sources */,
				E1CD317D1A0BCB8900D317A8 /* Frameworks */,
				E1CD317E1A0BCB8900D317A8 /* Resources */,
			);
			buildRules = (
			);
			dependencies = (
			);
			name = IRGBuscaminas;
			productName = IRGBuscaminas;
			productReference = E1CD31801A0BCB8900D317A8 /* IRGBuscaminas.app */;
			productType = "com.apple.product-type.application";
		};
		E1CD31921A0BCB8900D317A8 /* IRGBuscaminasTests */ = {
			isa = PBXNativeTarget;
			buildConfigurationList = E1CD31A01A0BCB8900D317A8 /* Build configuration list for PBXNativeTarget "IRGBuscaminasTests" */;
			buildPhases = (
				E1CD318F1A0BCB8900D317A8 /* Sources */,
				E1CD31901A0BCB8900D317A8 /* Frameworks */,
				E1CD31911A0BCB8900D317A8 /* Resources */,
			);
			buildRules = (
			);
			dependencies = (
				E1CD31951A0BCB8900D317A8 /* PBXTargetDependency */,
			);
			name = IRGBuscaminasTests;
			productName = IRGBuscaminasTests;
			productReference = E1CD31931A0BCB8900D317A8 /* IRGBuscaminasTests.xctest */;
			productType = "com.apple.product-type.bundle.unit-test";
		};
/* End PBXNativeTarget section */

/* Begin PBXProject section */
		E1CD31781A0BCB8900D317A8 /* Project object */ = {
			isa = PBXProject;
			attributes = {
				LastUpgradeCheck = 0610;
				ORGANIZATIONNAME = "Ivan Rodriguez Gonzalez";
				TargetAttributes = {
					E1CD317F1A0BCB8900D317A8 = {
						CreatedOnToolsVersion = 6.1;
					};
					E1CD31921A0BCB8900D317A8 = {
						CreatedOnToolsVersion = 6.1;
						TestTargetID = E1CD317F1A0BCB8900D317A8;
					};
				};
			};
			buildConfigurationList = E1CD317B1A0BCB8900D317A8 /* Build configuration list for PBXProject "IRGBuscaminas" */;
			compatibilityVersion = "Xcode 3.2";
			developmentRegion = English;
			hasScannedForEncodings = 0;
			knownRegions = (
				en,
				Base,
			);
			mainGroup = E1CD31771A0BCB8900D317A8;
			productRefGroup = E1CD31811A0BCB8900D317A8 /* Products */;
			projectDirPath = "";
			projectRoot = "";
			targets = (
				E1CD317F1A0BCB8900D317A8 /* IRGBuscaminas */,
				E1CD31921A0BCB8900D317A8 /* IRGBuscaminasTests */,
			);
		};
/* End PBXProject section */

/* Begin PBXResourcesBuildPhase section */
		E1CD317E1A0BCB8900D317A8 /* Resources */ = {
			isa = PBXResourcesBuildPhase;
			buildActionMask = 2147483647;
			files = (
				32A1DB131A0FAFAB00AA33CE /* IRGPreguntarNombreViewController.xib in Resources */,
				E1CD31A71A0BCBF800D317A8 /* IRGVentanaPrincipalViewController.xib in Resources */,
				E1CD318E1A0BCB8900D317A8 /* LaunchScreen.xib in Resources */,
				E1CD318B1A0BCB8900D317A8 /* Images.xcassets in Resources */,
				320334461A0EC9A7000FFAEF /* IRGMejoresTiemposViewController.xib in Resources */,
			);
			runOnlyForDeploymentPostprocessing = 0;
		};
		E1CD31911A0BCB8900D317A8 /* Resources */ = {
			isa = PBXResourcesBuildPhase;
			buildActionMask = 2147483647;
			files = (
			);
			runOnlyForDeploymentPostprocessing = 0;
		};
/* End PBXResourcesBuildPhase section */

/* Begin PBXSourcesBuildPhase section */
		E1CD317C1A0BCB8900D317A8 /* Sources */ = {
			isa = PBXSourcesBuildPhase;
			buildActionMask = 2147483647;
			files = (
				E12E5D3D1A10FD090047FCCF /* IRGEstadoDelJuegoInicio.m in Sources */,
				E1FE2CEA1A114242004333F9 /* IRGEstadoDelJuegoEnJuegoConAyuda.m in Sources */,
				E1A9A5CF1A13CC100020AE98 /* IRGSieteSegmentos.m in Sources */,
				E1CD31AD1A0BCCF900D317A8 /* IRGCelda.m in Sources */,
				320334451A0EC9A7000FFAEF /* IRGMejoresTiemposViewController.m in Sources */,
				E1D41DCB1A0BF0050059C46C /* IRGPincel.m in Sources */,
				E1D41DCE1A0BFEC30059C46C /* IRGDatos.m in Sources */,
				E1C543611A12043100D5B23A /* IRGEstadoDelJuegoFinalizadoConError.m in Sources */,
				320334411A0EBDF3000FFAEF /* IRGPrincipalNavigationViewController.m in Sources */,
				320334491A0F20A4000FFAEF /* IRGMetodosComunes.m in Sources */,
				E1CB22A81A126BAC00D9EF6F /* IRGGestionarBotonera.m in Sources */,
				E1D41DC51A0BEF6B0059C46C /* IRGCeldaViewController.m in Sources */,
				E1A9A5CC1A13CB9B0020AE98 /* IRGNUmeroSieteSegmentosViewController.m in Sources */,
				E12E5D411A1113FD0047FCCF /* IRGGestorDeEstados.m in Sources */,
				E1CD31A61A0BCBF800D317A8 /* IRGVentanaPrincipalViewController.m in Sources */,
				320334381A0EB854000FFAEF /* IRGMejoresTiempos.m in Sources */,
				E1C5435B1A1201E000D5B23A /* IRGEstadoDelJuegoFinalizadoSinErrorSinAyuda.m in Sources */,
				3203343E1A0EB9A1000FFAEF /* IRGDatoDelMejorTiempo.m in Sources */,
				E1FE2CE71A112C1D004333F9 /* IRGEstadoDelJuegoAyuda.m in Sources */,
				E1D41DCA1A0BF0050059C46C /* IRGLienzo.m in Sources */,
				E12E5D3A1A10F36E0047FCCF /* IRGEstadoDelJuegoEnJuego.m in Sources */,
				32A1DB121A0FAFAB00AA33CE /* IRGPreguntarNombreViewController.m in Sources */,
				E1CB22A51A12695E00D9EF6F /* IRGEstadoDelJuegoEnPausa.m in Sources */,
				E1CD31891A0BCB8900D317A8 /* AppDelegate.m in Sources */,
				E1C5435E1A12030C00D5B23A /* IRGEstadoDelJuegoFinalizadoSinErrorConAyuda.m in Sources */,
				E1CD31861A0BCB8900D317A8 /* main.m in Sources */,
			);
			runOnlyForDeploymentPostprocessing = 0;
		};
		E1CD318F1A0BCB8900D317A8 /* Sources */ = {
			isa = PBXSourcesBuildPhase;
			buildActionMask = 2147483647;
			files = (
				E1CD319A1A0BCB8900D317A8 /* IRGBuscaminasTests.m in Sources */,
			);
			runOnlyForDeploymentPostprocessing = 0;
		};
/* End PBXSourcesBuildPhase section */

/* Begin PBXTargetDependency section */
		E1CD31951A0BCB8900D317A8 /* PBXTargetDependency */ = {
			isa = PBXTargetDependency;
			target = E1CD317F1A0BCB8900D317A8 /* IRGBuscaminas */;
			targetProxy = E1CD31941A0BCB8900D317A8 /* PBXContainerItemProxy */;
		};
/* End PBXTargetDependency section */

/* Begin PBXVariantGroup section */
		E1CD318C1A0BCB8900D317A8 /* LaunchScreen.xib */ = {
			isa = PBXVariantGroup;
			children = (
				E1CD318D1A0BCB8900D317A8 /* Base */,
			);
			name = LaunchScreen.xib;
			sourceTree = "<group>";
		};
/* End PBXVariantGroup section */

/* Begin XCBuildConfiguration section */
		E1CD319B1A0BCB8900D317A8 /* Debug */ = {
			isa = XCBuildConfiguration;
			buildSettings = {
				ALWAYS_SEARCH_USER_PATHS = NO;
				CLANG_CXX_LANGUAGE_STANDARD = "gnu++0x";
				CLANG_CXX_LIBRARY = "libc++";
				CLANG_ENABLE_MODULES = YES;
				CLANG_ENABLE_OBJC_ARC = YES;
				CLANG_WARN_BOOL_CONVERSION = YES;
				CLANG_WARN_CONSTANT_CONVERSION = YES;
				CLANG_WARN_DIRECT_OBJC_ISA_USAGE = YES_ERROR;
				CLANG_WARN_EMPTY_BODY = YES;
				CLANG_WARN_ENUM_CONVERSION = YES;
				CLANG_WARN_INT_CONVERSION = YES;
				CLANG_WARN_OBJC_ROOT_CLASS = YES_ERROR;
				CLANG_WARN_UNREACHABLE_CODE = YES;
				CLANG_WARN__DUPLICATE_METHOD_MATCH = YES;
				"CODE_SIGN_IDENTITY[sdk=iphoneos*]" = "iPhone Developer";
				COPY_PHASE_STRIP = NO;
				ENABLE_STRICT_OBJC_MSGSEND = YES;
				GCC_C_LANGUAGE_STANDARD = gnu99;
				GCC_DYNAMIC_NO_PIC = NO;
				GCC_OPTIMIZATION_LEVEL = 0;
				GCC_PREPROCESSOR_DEFINITIONS = (
					"DEBUG=1",
					"$(inherited)",
				);
				GCC_SYMBOLS_PRIVATE_EXTERN = NO;
				GCC_WARN_64_TO_32_BIT_CONVERSION = YES;
				GCC_WARN_ABOUT_RETURN_TYPE = YES_ERROR;
				GCC_WARN_UNDECLARED_SELECTOR = YES;
				GCC_WARN_UNINITIALIZED_AUTOS = YES_AGGRESSIVE;
				GCC_WARN_UNUSED_FUNCTION = YES;
				GCC_WARN_UNUSED_VARIABLE = YES;
				IPHONEOS_DEPLOYMENT_TARGET = 8.1;
				MTL_ENABLE_DEBUG_INFO = YES;
				ONLY_ACTIVE_ARCH = YES;
				SDKROOT = iphoneos;
				TARGETED_DEVICE_FAMILY = "1,2";
			};
			name = Debug;
		};
		E1CD319C1A0BCB8900D317A8 /* Release */ = {
			isa = XCBuildConfiguration;
			buildSettings = {
				ALWAYS_SEARCH_USER_PATHS = NO;
				CLANG_CXX_LANGUAGE_STANDARD = "gnu++0x";
				CLANG_CXX_LIBRARY = "libc++";
				CLANG_ENABLE_MODULES = YES;
				CLANG_ENABLE_OBJC_ARC = YES;
				CLANG_WARN_BOOL_CONVERSION = YES;
				CLANG_WARN_CONSTANT_CONVERSION = YES;
				CLANG_WARN_DIRECT_OBJC_ISA_USAGE = YES_ERROR;
				CLANG_WARN_EMPTY_BODY = YES;
				CLANG_WARN_ENUM_CONVERSION = YES;
				CLANG_WARN_INT_CONVERSION = YES;
				CLANG_WARN_OBJC_ROOT_CLASS = YES_ERROR;
				CLANG_WARN_UNREACHABLE_CODE = YES;
				CLANG_WARN__DUPLICATE_METHOD_MATCH = YES;
				"CODE_SIGN_IDENTITY[sdk=iphoneos*]" = "iPhone Developer";
				COPY_PHASE_STRIP = YES;
				ENABLE_NS_ASSERTIONS = NO;
				ENABLE_STRICT_OBJC_MSGSEND = YES;
				GCC_C_LANGUAGE_STANDARD = gnu99;
				GCC_WARN_64_TO_32_BIT_CONVERSION = YES;
				GCC_WARN_ABOUT_RETURN_TYPE = YES_ERROR;
				GCC_WARN_UNDECLARED_SELECTOR = YES;
				GCC_WARN_UNINITIALIZED_AUTOS = YES_AGGRESSIVE;
				GCC_WARN_UNUSED_FUNCTION = YES;
				GCC_WARN_UNUSED_VARIABLE = YES;
				IPHONEOS_DEPLOYMENT_TARGET = 8.1;
				MTL_ENABLE_DEBUG_INFO = NO;
				SDKROOT = iphoneos;
				TARGETED_DEVICE_FAMILY = "1,2";
				VALIDATE_PRODUCT = YES;
			};
			name = Release;
		};
		E1CD319E1A0BCB8900D317A8 /* Debug */ = {
			isa = XCBuildConfiguration;
			buildSettings = {
				ASSETCATALOG_COMPILER_APPICON_NAME = AppIcon;
				INFOPLIST_FILE = IRGBuscaminas/Info.plist;
				LD_RUNPATH_SEARCH_PATHS = "$(inherited) @executable_path/Frameworks";
				PRODUCT_NAME = "$(TARGET_NAME)";
			};
			name = Debug;
		};
		E1CD319F1A0BCB8900D317A8 /* Release */ = {
			isa = XCBuildConfiguration;
			buildSettings = {
				ASSETCATALOG_COMPILER_APPICON_NAME = AppIcon;
				INFOPLIST_FILE = IRGBuscaminas/Info.plist;
				LD_RUNPATH_SEARCH_PATHS = "$(inherited) @executable_path/Frameworks";
				PRODUCT_NAME = "$(TARGET_NAME)";
			};
			name = Release;
		};
		E1CD31A11A0BCB8900D317A8 /* Debug */ = {
			isa = XCBuildConfiguration;
			buildSettings = {
				BUNDLE_LOADER = "$(TEST_HOST)";
				FRAMEWORK_SEARCH_PATHS = (
					"$(SDKROOT)/Developer/Library/Frameworks",
					"$(inherited)",
				);
				GCC_PREPROCESSOR_DEFINITIONS = (
					"DEBUG=1",
					"$(inherited)",
				);
				INFOPLIST_FILE = IRGBuscaminasTests/Info.plist;
				LD_RUNPATH_SEARCH_PATHS = "$(inherited) @executable_path/Frameworks @loader_path/Frameworks";
				PRODUCT_NAME = "$(TARGET_NAME)";
				TEST_HOST = "$(BUILT_PRODUCTS_DIR)/IRGBuscaminas.app/IRGBuscaminas";
			};
			name = Debug;
		};
		E1CD31A21A0BCB8900D317A8 /* Release */ = {
			isa = XCBuildConfiguration;
			buildSettings = {
				BUNDLE_LOADER = "$(TEST_HOST)";
				FRAMEWORK_SEARCH_PATHS = (
					"$(SDKROOT)/Developer/Library/Frameworks",
					"$(inherited)",
				);
				INFOPLIST_FILE = IRGBuscaminasTests/Info.plist;
				LD_RUNPATH_SEARCH_PATHS = "$(inherited) @executable_path/Frameworks @loader_path/Frameworks";
				PRODUCT_NAME = "$(TARGET_NAME)";
				TEST_HOST = "$(BUILT_PRODUCTS_DIR)/IRGBuscaminas.app/IRGBuscaminas";
			};
			name = Release;
		};
/* End XCBuildConfiguration section */

/* Begin XCConfigurationList section */
		E1CD317B1A0BCB8900D317A8 /* Build configuration list for PBXProject "IRGBuscaminas" */ = {
			isa = XCConfigurationList;
			buildConfigurations = (
				E1CD319B1A0BCB8900D317A8 /* Debug */,
				E1CD319C1A0BCB8900D317A8 /* Release */,
			);
			defaultConfigurationIsVisible = 0;
			defaultConfigurationName = Release;
		};
		E1CD319D1A0BCB8900D317A8 /* Build configuration list for PBXNativeTarget "IRGBuscaminas" */ = {
			isa = XCConfigurationList;
			buildConfigurations = (
				E1CD319E1A0BCB8900D317A8 /* Debug */,
				E1CD319F1A0BCB8900D317A8 /* Release */,
			);
			defaultConfigurationIsVisible = 0;
			defaultConfigurationName = Release;
		};
		E1CD31A01A0BCB8900D317A8 /* Build configuration list for PBXNativeTarget "IRGBuscaminasTests" */ = {
			isa = XCConfigurationList;
			buildConfigurations = (
				E1CD31A11A0BCB8900D317A8 /* Debug */,
				E1CD31A21A0BCB8900D317A8 /* Release */,
			);
			defaultConfigurationIsVisible = 0;
			defaultConfigurationName = Release;
		};
/* End XCConfigurationList section */
	};
	rootObject = E1CD31781A0BCB8900D317A8 /* Project object */;
}
